# THIS IS AN AUTOGENERATED FILE. DO NOT EDIT THIS FILE DIRECTLY.
# yarn lockfile v1


"@fortawesome/fontawesome-free@^6.4":
  version "6.4.2"
  resolved "https://registry.yarnpkg.com/@fortawesome/fontawesome-free/-/fontawesome-free-6.4.2.tgz#36b6a9cb5ffbecdf89815c94d0c0ffa489ac5ecb"
  integrity sha512-m5cPn3e2+FDCOgi1mz0RexTUvvQibBebOUlUlW0+YrMjDTPkiJ6VTKukA1GRsvRw+12KyJndNjj0O4AgTxm2Pg==

reveal.js@^4.5:
  version "4.5.0"
  resolved "https://registry.yarnpkg.com/reveal.js/-/reveal.js-4.5.0.tgz#fc04329aee58dd88862bf1f8e8f85f7993287763"
  integrity sha512-Lx1hUWhJR7Y7ScQNyGt7TFzxeviDAswK2B0cn9RwbPZogTMRgS8+FTr+/12KNHOegjvWKH0H0EGwBARNDPTgWQ==
