# THIS IS AN AUTOGENERATED FILE. DO NOT EDIT THIS FILE DIRECTLY.
# yarn lockfile v1


"@fortawesome/fontawesome-free@^6.7":
  version "6.7.2"
  resolved "https://registry.yarnpkg.com/@fortawesome/fontawesome-free/-/fontawesome-free-6.7.2.tgz#8249de9b7e22fcb3ceb5e66090c30a1d5492b81a"
  integrity sha512-JUOtgFW6k9u4Y+xeIaEiLr3+cjoUPiAuLXoyKOJSia6Duzb7pq+A76P9ZdPDoAoxHdHzq6gE9/jKBGXlZT8FbA==

reveal.js@^5.2:
  version "5.2.0"
  resolved "https://registry.yarnpkg.com/reveal.js/-/reveal.js-5.2.0.tgz#8ffec368875b58df384f59b19c9d1e1b2ea57a5d"
  integrity sha512-TWd9VVYZZW/MGlm5arVPbN5ne49GXrTpil8KFOBOOfHWS4GjSCpSaHfj3iB+Rh0rJTQGbkrQr66l6R3bnElXBw==
