# THIS IS AN AUTOGENERATED FILE. DO NOT EDIT THIS FILE DIRECTLY.
# yarn lockfile v1


"@fortawesome/fontawesome-free@^6.7":
  version "6.7.0"
  resolved "https://registry.yarnpkg.com/@fortawesome/fontawesome-free/-/fontawesome-free-6.7.0.tgz#c38f4c32970628e214626697edae34a7fe282dbd"
  integrity sha512-lXTP8oiLGM97Aqjn47nod9awKe574HRfCngFizr7FiHTadKTiPkoVn0Mzg+tZBLD1XpE4CRvcF7/UM3g1jyVYw==

reveal.js@^5.1:
  version "5.1.0"
  resolved "https://registry.yarnpkg.com/reveal.js/-/reveal.js-5.1.0.tgz#dfaa4631127e739aa8ebbaa425d653e72d799e66"
  integrity sha512-KDt7m0+xwKV6nAZt4CNPVFBf42sTKRQapg0bGGKB5PKO5XvChnMfwlZkybydHiQJ7p5+6LbHKRGrhXODdoNIaA==
